
Microsoft Visual Studio Solution File, Format Version 12.00
# Visual Studio 15
VisualStudioVersion = 15.0.27130.2027
MinimumVisualStudioVersion = 10.0.40219.1
Project("{FAE04EC0-301F-11D3-BF4B-00C04F79EFBC}") = "SIMLHub_Test", "SIMLHub_Test\SIMLHub_Test.csproj", "{262C2924-B45F-4DB2-9EE3-4A78AEB7FEA5}"
EndProject
Project("{FAE04EC0-301F-11D3-BF4B-00C04F79EFBC}") = "ICAN.SIC.Plugin.SIMLHub.Plugin.HelloBot", "ICAN.SIC.Plugin.SIMLHub.Plugin.HelloBot\ICAN.SIC.Plugin.SIMLHub.Plugin.HelloBot.csproj", "{6A40EA9E-3062-45F2-A16B-EC6DEC9680AA}"
EndProject
Project("{FAE04EC0-301F-11D3-BF4B-00C04F79EFBC}") = "ICAN.SIC.Plugin.SIMLHub.Plugin.ExecuteApp", "ICAN.SIC.Plugin.SIMLHub.Plugin.ExecuteApp\ICAN.SIC.Plugin.SIMLHub.Plugin.ExecuteApp.csproj", "{E733752A-B3C3-4AF8-82CC-0586D0FA6F29}"
EndProject
Project("{FAE04EC0-301F-11D3-BF4B-00C04F79EFBC}") = "ICAN.SIC.Plugin.SIMLHub.Plugin.ICANSEE", "ICAN.SIC.Plugin.SIMLHub.Plugin.ICANSEE\ICAN.SIC.Plugin.SIMLHub.Plugin.ICANSEE.csproj", "{FBBB88E8-86DD-4FB2-AE61-1DA0A9A9994C}"
EndProject
Project("{FAE04EC0-301F-11D3-BF4B-00C04F79EFBC}") = "ICAN.SIC.Plugin.SIMLHub.Plugin.ICANGEOLOCATE", "ICAN.SIC.Plugin.SIMLHubPlugin.ICANGEOLOCATE\ICAN.SIC.Plugin.SIMLHub.Plugin.ICANGEOLOCATE.csproj", "{413F2CBA-4033-4437-BD65-FBFA1B4CD17D}"
EndProject
Project("{FAE04EC0-301F-11D3-BF4B-00C04F79EFBC}") = "ICAN.SIC.Plugin.SIMLHub.Plugin.ICANMessageMachine", "ICAN.SIC.Plugin.SIMLHub.Plugin.ICANMessageMachine\ICAN.SIC.Plugin.SIMLHub.Plugin.ICANMessageMachine.csproj", "{D380CE30-C99F-436D-AA8D-B215D5E1AE20}"
EndProject
Global
	GlobalSection(SolutionConfigurationPlatforms) = preSolution
		Debug|Any CPU = Debug|Any CPU
		ICAN.SIC_Debug|Any CPU = ICAN.SIC_Debug|Any CPU
		Release|Any CPU = Release|Any CPU
	EndGlobalSection
	GlobalSection(ProjectConfigurationPlatforms) = postSolution
		{262C2924-B45F-4DB2-9EE3-4A78AEB7FEA5}.Debug|Any CPU.ActiveCfg = Debug|Any CPU
		{262C2924-B45F-4DB2-9EE3-4A78AEB7FEA5}.Debug|Any CPU.Build.0 = Debug|Any CPU
		{262C2924-B45F-4DB2-9EE3-4A78AEB7FEA5}.ICAN.SIC_Debug|Any CPU.ActiveCfg = ICAN.SIC_Debug|Any CPU
		{262C2924-B45F-4DB2-9EE3-4A78AEB7FEA5}.ICAN.SIC_Debug|Any CPU.Build.0 = ICAN.SIC_Debug|Any CPU
		{262C2924-B45F-4DB2-9EE3-4A78AEB7FEA5}.Release|Any CPU.ActiveCfg = Release|Any CPU
		{262C2924-B45F-4DB2-9EE3-4A78AEB7FEA5}.Release|Any CPU.Build.0 = Release|Any CPU
		{6A40EA9E-3062-45F2-A16B-EC6DEC9680AA}.Debug|Any CPU.ActiveCfg = Debug|Any CPU
		{6A40EA9E-3062-45F2-A16B-EC6DEC9680AA}.Debug|Any CPU.Build.0 = Debug|Any CPU
		{6A40EA9E-3062-45F2-A16B-EC6DEC9680AA}.ICAN.SIC_Debug|Any CPU.ActiveCfg = ICAN.SIC_Debug|Any CPU
		{6A40EA9E-3062-45F2-A16B-EC6DEC9680AA}.ICAN.SIC_Debug|Any CPU.Build.0 = ICAN.SIC_Debug|Any CPU
		{6A40EA9E-3062-45F2-A16B-EC6DEC9680AA}.Release|Any CPU.ActiveCfg = Release|Any CPU
		{6A40EA9E-3062-45F2-A16B-EC6DEC9680AA}.Release|Any CPU.Build.0 = Release|Any CPU
		{E733752A-B3C3-4AF8-82CC-0586D0FA6F29}.Debug|Any CPU.ActiveCfg = Debug|Any CPU
		{E733752A-B3C3-4AF8-82CC-0586D0FA6F29}.Debug|Any CPU.Build.0 = Debug|Any CPU
		{E733752A-B3C3-4AF8-82CC-0586D0FA6F29}.ICAN.SIC_Debug|Any CPU.ActiveCfg = ICAN.SIC_Debug|Any CPU
		{E733752A-B3C3-4AF8-82CC-0586D0FA6F29}.ICAN.SIC_Debug|Any CPU.Build.0 = ICAN.SIC_Debug|Any CPU
		{E733752A-B3C3-4AF8-82CC-0586D0FA6F29}.Release|Any CPU.ActiveCfg = Release|Any CPU
		{E733752A-B3C3-4AF8-82CC-0586D0FA6F29}.Release|Any CPU.Build.0 = Release|Any CPU
		{FBBB88E8-86DD-4FB2-AE61-1DA0A9A9994C}.Debug|Any CPU.ActiveCfg = Debug|Any CPU
		{FBBB88E8-86DD-4FB2-AE61-1DA0A9A9994C}.Debug|Any CPU.Build.0 = Debug|Any CPU
		{FBBB88E8-86DD-4FB2-AE61-1DA0A9A9994C}.ICAN.SIC_Debug|Any CPU.ActiveCfg = ICAN.SIC_Debug|Any CPU
		{FBBB88E8-86DD-4FB2-AE61-1DA0A9A9994C}.ICAN.SIC_Debug|Any CPU.Build.0 = ICAN.SIC_Debug|Any CPU
		{FBBB88E8-86DD-4FB2-AE61-1DA0A9A9994C}.Release|Any CPU.ActiveCfg = Release|Any CPU
		{FBBB88E8-86DD-4FB2-AE61-1DA0A9A9994C}.Release|Any CPU.Build.0 = Release|Any CPU
		{413F2CBA-4033-4437-BD65-FBFA1B4CD17D}.Debug|Any CPU.ActiveCfg = Debug|Any CPU
		{413F2CBA-4033-4437-BD65-FBFA1B4CD17D}.Debug|Any CPU.Build.0 = Debug|Any CPU
		{413F2CBA-4033-4437-BD65-FBFA1B4CD17D}.ICAN.SIC_Debug|Any CPU.ActiveCfg = ICAN.SIC_Debug|Any CPU
		{413F2CBA-4033-4437-BD65-FBFA1B4CD17D}.ICAN.SIC_Debug|Any CPU.Build.0 = ICAN.SIC_Debug|Any CPU
		{413F2CBA-4033-4437-BD65-FBFA1B4CD17D}.Release|Any CPU.ActiveCfg = Release|Any CPU
		{413F2CBA-4033-4437-BD65-FBFA1B4CD17D}.Release|Any CPU.Build.0 = Release|Any CPU
		{D380CE30-C99F-436D-AA8D-B215D5E1AE20}.Debug|Any CPU.ActiveCfg = Debug|Any CPU
		{D380CE30-C99F-436D-AA8D-B215D5E1AE20}.Debug|Any CPU.Build.0 = Debug|Any CPU
		{D380CE30-C99F-436D-AA8D-B215D5E1AE20}.ICAN.SIC_Debug|Any CPU.ActiveCfg = ICAN.SIC_Debug|Any CPU
		{D380CE30-C99F-436D-AA8D-B215D5E1AE20}.ICAN.SIC_Debug|Any CPU.Build.0 = ICAN.SIC_Debug|Any CPU
		{D380CE30-C99F-436D-AA8D-B215D5E1AE20}.Release|Any CPU.ActiveCfg = Release|Any CPU
		{D380CE30-C99F-436D-AA8D-B215D5E1AE20}.Release|Any CPU.Build.0 = Release|Any CPU
	EndGlobalSection
	GlobalSection(SolutionProperties) = preSolution
		HideSolutionNode = FALSE
	EndGlobalSection
	GlobalSection(ExtensibilityGlobals) = postSolution
		SolutionGuid = {5BBE793A-C021-4C1A-B0B7-B989A3C12E71}
	EndGlobalSection
EndGlobal
